
Microsoft Visual Studio Solution File, Format Version 12.00
# Visual Studio Version 17
VisualStudioVersion = 17.5.002.0
MinimumVisualStudioVersion = 10.0.40219.1
Project("{9A19103F-16F7-4668-BE54-9A1E7A4F7556}") = "Tugas_Test_EID", "Tugas_Test_EID.csproj", "{E6F1670B-E42D-4AD3-A964-C09D4F407DF3}"
EndProject
Global
	GlobalSection(SolutionConfigurationPlatforms) = preSolution
		Debug|Any CPU = Debug|Any CPU
		Release|Any CPU = Release|Any CPU
	EndGlobalSection
	GlobalSection(ProjectConfigurationPlatforms) = postSolution
		{E6F1670B-E42D-4AD3-A964-C09D4F407DF3}.Debug|Any CPU.ActiveCfg = Debug|Any CPU
		{E6F1670B-E42D-4AD3-A964-C09D4F407DF3}.Debug|Any CPU.Build.0 = Debug|Any CPU
		{E6F1670B-E42D-4AD3-A964-C09D4F407DF3}.Release|Any CPU.ActiveCfg = Release|Any CPU
		{E6F1670B-E42D-4AD3-A964-C09D4F407DF3}.Release|Any CPU.Build.0 = Release|Any CPU
	EndGlobalSection
	GlobalSection(SolutionProperties) = preSolution
		HideSolutionNode = FALSE
	EndGlobalSection
	GlobalSection(ExtensibilityGlobals) = postSolution
		SolutionGuid = {F18ADC00-2ED7-4A19-99D0-D5B00262E416}
	EndGlobalSection
EndGlobal
