
Microsoft Visual Studio Solution File, Format Version 12.00
# Visual Studio Version 17
VisualStudioVersion = 17.11.35327.3
MinimumVisualStudioVersion = 10.0.40219.1
Project("{FAE04EC0-301F-11D3-BF4B-00C04F79EFBC}") = "Tugas_Test_EID", "Tugas_Test_EID\Tugas_Test_EID.csproj", "{C539B584-DC46-4C71-A6CF-0F7C96D3C2FB}"
EndProject
Global
	GlobalSection(SolutionConfigurationPlatforms) = preSolution
		Debug|Any CPU = Debug|Any CPU
		Release|Any CPU = Release|Any CPU
	EndGlobalSection
	GlobalSection(ProjectConfigurationPlatforms) = postSolution
		{C539B584-DC46-4C71-A6CF-0F7C96D3C2FB}.Debug|Any CPU.ActiveCfg = Debug|Any CPU
		{C539B584-DC46-4C71-A6CF-0F7C96D3C2FB}.Debug|Any CPU.Build.0 = Debug|Any CPU
		{C539B584-DC46-4C71-A6CF-0F7C96D3C2FB}.Release|Any CPU.ActiveCfg = Release|Any CPU
		{C539B584-DC46-4C71-A6CF-0F7C96D3C2FB}.Release|Any CPU.Build.0 = Release|Any CPU
	EndGlobalSection
	GlobalSection(SolutionProperties) = preSolution
		HideSolutionNode = FALSE
	EndGlobalSection
	GlobalSection(ExtensibilityGlobals) = postSolution
		SolutionGuid = {4458AF1B-9ED6-49DF-A5B6-27009C79C6F2}
	EndGlobalSection
EndGlobal
